
Microsoft Visual Studio Solution File, Format Version 12.00
# Visual Studio 15
VisualStudioVersion = 15.0.27703.2018
MinimumVisualStudioVersion = 10.0.40219.1
Project("{FAE04EC0-301F-11D3-BF4B-00C04F79EFBC}") = "Ecommerce", "Ecommerce\Ecommerce.csproj", "{BDB95B83-CA9C-4508-A416-4E7032CD031C}"
EndProject
Project("{FAE04EC0-301F-11D3-BF4B-00C04F79EFBC}") = "Ecommerce.Tests", "Ecommerce.Tests\Ecommerce.Tests.csproj", "{CD3C3534-C511-4D00-BD84-58024AD2921C}"
EndProject
Global
	GlobalSection(SolutionConfigurationPlatforms) = preSolution
		Debug|Any CPU = Debug|Any CPU
		Release|Any CPU = Release|Any CPU
	EndGlobalSection
	GlobalSection(ProjectConfigurationPlatforms) = postSolution
		{BDB95B83-CA9C-4508-A416-4E7032CD031C}.Debug|Any CPU.ActiveCfg = Debug|Any CPU
		{BDB95B83-CA9C-4508-A416-4E7032CD031C}.Debug|Any CPU.Build.0 = Debug|Any CPU
		{BDB95B83-CA9C-4508-A416-4E7032CD031C}.Release|Any CPU.ActiveCfg = Release|Any CPU
		{BDB95B83-CA9C-4508-A416-4E7032CD031C}.Release|Any CPU.Build.0 = Release|Any CPU
		{CD3C3534-C511-4D00-BD84-58024AD2921C}.Debug|Any CPU.ActiveCfg = Debug|Any CPU
		{CD3C3534-C511-4D00-BD84-58024AD2921C}.Debug|Any CPU.Build.0 = Debug|Any CPU
		{CD3C3534-C511-4D00-BD84-58024AD2921C}.Release|Any CPU.ActiveCfg = Release|Any CPU
		{CD3C3534-C511-4D00-BD84-58024AD2921C}.Release|Any CPU.Build.0 = Release|Any CPU
	EndGlobalSection
	GlobalSection(SolutionProperties) = preSolution
		HideSolutionNode = FALSE
	EndGlobalSection
	GlobalSection(ExtensibilityGlobals) = postSolution
		SolutionGuid = {F41146FE-CF15-485D-BE30-21B7AEB5F539}
	EndGlobalSection
EndGlobal
